
Microsoft Visual Studio Solution File, Format Version 12.00
# Visual Studio Version 17
VisualStudioVersion = 17.0.32112.339
MinimumVisualStudioVersion = 10.0.40219.1
Project("{FAE04EC0-301F-11D3-BF4B-00C04F79EFBC}") = "SRP_Report_Generator", "SRP_Report_Generator\SRP_Report_Generator.csproj", "{E8364BE5-1C0D-4F2A-9911-949294822B1D}"
EndProject
Global
	GlobalSection(SolutionConfigurationPlatforms) = preSolution
		Debug|Any CPU = Debug|Any CPU
		Release|Any CPU = Release|Any CPU
	EndGlobalSection
	GlobalSection(ProjectConfigurationPlatforms) = postSolution
		{E8364BE5-1C0D-4F2A-9911-949294822B1D}.Debug|Any CPU.ActiveCfg = Debug|Any CPU
		{E8364BE5-1C0D-4F2A-9911-949294822B1D}.Debug|Any CPU.Build.0 = Debug|Any CPU
		{E8364BE5-1C0D-4F2A-9911-949294822B1D}.Release|Any CPU.ActiveCfg = Release|Any CPU
		{E8364BE5-1C0D-4F2A-9911-949294822B1D}.Release|Any CPU.Build.0 = Release|Any CPU
	EndGlobalSection
	GlobalSection(SolutionProperties) = preSolution
		HideSolutionNode = FALSE
	EndGlobalSection
	GlobalSection(ExtensibilityGlobals) = postSolution
		SolutionGuid = {D08AB35F-75A2-4797-84A9-FD9423B660F5}
	EndGlobalSection
EndGlobal
